// !$*UTF8*$!
{
	archiveVersion = 1;
	classes = {
	};
	objectVersion = 56;
	objects = {

/* Begin PBXBuildFile section */
		DD0BDAAD2C2605AE00F94189 /* Iceland-Regular.ttf in Resources */ = {isa = PBXBuildFile; fileRef = DD0BDAAC2C2605AD00F94189 /* Iceland-Regular.ttf */; };
		DD0BDAAE2C2605B600F94189 /* Iceland-Regular.ttf in Resources */ = {isa = PBXBuildFile; fileRef = DD0BDAAC2C2605AD00F94189 /* Iceland-Regular.ttf */; };
		DD0BDAAF2C2605B700F94189 /* Iceland-Regular.ttf in Resources */ = {isa = PBXBuildFile; fileRef = DD0BDAAC2C2605AD00F94189 /* Iceland-Regular.ttf */; };
		DD0BDAB22C260A5300F94189 /* NewEventViewController.swift in Sources */ = {isa = PBXBuildFile; fileRef = DD0BDAB12C260A5300F94189 /* NewEventViewController.swift */; };
		DD0BDAB42C260C6C00F94189 /* NewEventBodyView.swift in Sources */ = {isa = PBXBuildFile; fileRef = DD0BDAB32C260C6C00F94189 /* NewEventBodyView.swift */; };
		DD0BDAB62C260CD100F94189 /* BaseTextField.swift in Sources */ = {isa = PBXBuildFile; fileRef = DD0BDAB52C260CD100F94189 /* BaseTextField.swift */; };
		DD0BDAB82C26104700F94189 /* InfoTextField.swift in Sources */ = {isa = PBXBuildFile; fileRef = DD0BDAB72C26104700F94189 /* InfoTextField.swift */; };
		DD1CFA512C24C171003FAD02 /* SportTypeView.swift in Sources */ = {isa = PBXBuildFile; fileRef = DD1CFA502C24C171003FAD02 /* SportTypeView.swift */; };
		DD1CFA532C24DD2E003FAD02 /* MainTableViewCell.swift in Sources */ = {isa = PBXBuildFile; fileRef = DD1CFA522C24DD2E003FAD02 /* MainTableViewCell.swift */; };
		DD1CFA552C24DEFD003FAD02 /* UIView+Extension.swift in Sources */ = {isa = PBXBuildFile; fileRef = DD1CFA542C24DEFD003FAD02 /* UIView+Extension.swift */; };
		DD67D69C2C26CB5500CE3A9B /* CalendarViewController.swift in Sources */ = {isa = PBXBuildFile; fileRef = DD67D69B2C26CB5500CE3A9B /* CalendarViewController.swift */; };
		DD67D69E2C26CB9700CE3A9B /* CalendarTableViewCell.swift in Sources */ = {isa = PBXBuildFile; fileRef = DD67D69D2C26CB9700CE3A9B /* CalendarTableViewCell.swift */; };
		DD67D6A02C26CD7800CE3A9B /* Models.swift in Sources */ = {isa = PBXBuildFile; fileRef = DD67D69F2C26CD7800CE3A9B /* Models.swift */; };
		DD67D6A22C26D48500CE3A9B /* SettingsView.swift in Sources */ = {isa = PBXBuildFile; fileRef = DD67D6A12C26D48500CE3A9B /* SettingsView.swift */; };
		DD7586632C24A48B000374C7 /* GrandHotel-Regular.otf in Resources */ = {isa = PBXBuildFile; fileRef = DD7586622C24A488000374C7 /* GrandHotel-Regular.otf */; };
		DD7586642C24A48E000374C7 /* GrandHotel-Regular.otf in Resources */ = {isa = PBXBuildFile; fileRef = DD7586622C24A488000374C7 /* GrandHotel-Regular.otf */; };
		DD7586652C24A48E000374C7 /* GrandHotel-Regular.otf in Resources */ = {isa = PBXBuildFile; fileRef = DD7586622C24A488000374C7 /* GrandHotel-Regular.otf */; };
		DD7586682C24A6C7000374C7 /* TitleView.swift in Sources */ = {isa = PBXBuildFile; fileRef = DD7586672C24A6C7000374C7 /* TitleView.swift */; };
		DD79937B2C21FAC80051B44A /* AppDelegate.swift in Sources */ = {isa = PBXBuildFile; fileRef = DD79937A2C21FAC80051B44A /* AppDelegate.swift */; };
		DD79937D2C21FAC80051B44A /* SceneDelegate.swift in Sources */ = {isa = PBXBuildFile; fileRef = DD79937C2C21FAC80051B44A /* SceneDelegate.swift */; };
		DD7993842C21FAC90051B44A /* Assets.xcassets in Resources */ = {isa = PBXBuildFile; fileRef = DD7993832C21FAC90051B44A /* Assets.xcassets */; };
		DD7993872C21FAC90051B44A /* LaunchScreen.storyboard in Resources */ = {isa = PBXBuildFile; fileRef = DD7993852C21FAC90051B44A /* LaunchScreen.storyboard */; };
		DD7993922C21FACA0051B44A /* BaseTests.swift in Sources */ = {isa = PBXBuildFile; fileRef = DD7993912C21FACA0051B44A /* BaseTests.swift */; };
		DD79939C2C21FACA0051B44A /* BaseUITests.swift in Sources */ = {isa = PBXBuildFile; fileRef = DD79939B2C21FACA0051B44A /* BaseUITests.swift */; };
		DD79939E2C21FACA0051B44A /* BaseUITestsLaunchTests.swift in Sources */ = {isa = PBXBuildFile; fileRef = DD79939D2C21FACA0051B44A /* BaseUITestsLaunchTests.swift */; };
		DD7993BB2C21FB8B0051B44A /* UIFont+Extension.swift in Sources */ = {isa = PBXBuildFile; fileRef = DD7993AC2C21FB8B0051B44A /* UIFont+Extension.swift */; };
		DD7993BC2C21FB8B0051B44A /* UIColor+Extension.swift in Sources */ = {isa = PBXBuildFile; fileRef = DD7993AD2C21FB8B0051B44A /* UIColor+Extension.swift */; };
		DD7993BD2C21FB8B0051B44A /* UIViewController+Extension.swift in Sources */ = {isa = PBXBuildFile; fileRef = DD7993AE2C21FB8B0051B44A /* UIViewController+Extension.swift */; };
		DD7993BE2C21FB8B0051B44A /* String+Extension.swift in Sources */ = {isa = PBXBuildFile; fileRef = DD7993AF2C21FB8B0051B44A /* String+Extension.swift */; };
		DD7993BF2C21FB8B0051B44A /* NSMutableAttributedString+Extension.swift in Sources */ = {isa = PBXBuildFile; fileRef = DD7993B02C21FB8B0051B44A /* NSMutableAttributedString+Extension.swift */; };
		DD7993C52C21FB8B0051B44A /* ContentSizedTableView.swift in Sources */ = {isa = PBXBuildFile; fileRef = DD7993B72C21FB8B0051B44A /* ContentSizedTableView.swift */; };
		DD7993CF2C2203570051B44A /* MainViewController.swift in Sources */ = {isa = PBXBuildFile; fileRef = DD7993CE2C2203570051B44A /* MainViewController.swift */; };
		DD907FBE2C2B5D150059BDCB /* Date+Extension.swift in Sources */ = {isa = PBXBuildFile; fileRef = DD907FBD2C2B5D150059BDCB /* Date+Extension.swift */; };
		DDB30B5A2C2713920012B9C3 /* SettingsViewController.swift in Sources */ = {isa = PBXBuildFile; fileRef = DDB30B592C2713920012B9C3 /* SettingsViewController.swift */; };
		DDB30B5C2C2713EE0012B9C3 /* BaseButton.swift in Sources */ = {isa = PBXBuildFile; fileRef = DDB30B5B2C2713EE0012B9C3 /* BaseButton.swift */; };
		DDB30B5F2C27200B0012B9C3 /* TextViewController.swift in Sources */ = {isa = PBXBuildFile; fileRef = DDB30B5E2C27200B0012B9C3 /* TextViewController.swift */; };
		DDB30B612C2722630012B9C3 /* Localizable.strings in Resources */ = {isa = PBXBuildFile; fileRef = DDB30B602C2722630012B9C3 /* Localizable.strings */; };
		DDB30B642C2726320012B9C3 /* NotificationsViewController.swift in Sources */ = {isa = PBXBuildFile; fileRef = DDB30B632C2726320012B9C3 /* NotificationsViewController.swift */; };
		DDB30B662C27269A0012B9C3 /* NotificationButton.swift in Sources */ = {isa = PBXBuildFile; fileRef = DDB30B652C27269A0012B9C3 /* NotificationButton.swift */; };
		DDB30B692C272AA60012B9C3 /* ProfileViewContreoller.swift in Sources */ = {isa = PBXBuildFile; fileRef = DDB30B682C272AA60012B9C3 /* ProfileViewContreoller.swift */; };
		DDD651E52C280A2800540A49 /* BonusViewController.swift in Sources */ = {isa = PBXBuildFile; fileRef = DDD651E42C280A2800540A49 /* BonusViewController.swift */; };
		DDD651E72C280B1000540A49 /* DaysBonusView.swift in Sources */ = {isa = PBXBuildFile; fileRef = DDD651E62C280B1000540A49 /* DaysBonusView.swift */; };
		DDD651E92C280B9000540A49 /* DayView.swift in Sources */ = {isa = PBXBuildFile; fileRef = DDD651E82C280B9000540A49 /* DayView.swift */; };
		DDD651EB2C28241400540A49 /* ChooseBonusView.swift in Sources */ = {isa = PBXBuildFile; fileRef = DDD651EA2C28241400540A49 /* ChooseBonusView.swift */; };
		DDD651ED2C282C2D00540A49 /* ChooseImageView.swift in Sources */ = {isa = PBXBuildFile; fileRef = DDD651EC2C282C2D00540A49 /* ChooseImageView.swift */; };
		DDD651EF2C283CC400540A49 /* EventsModel.swift in Sources */ = {isa = PBXBuildFile; fileRef = DDD651EE2C283CC400540A49 /* EventsModel.swift */; };
/* End PBXBuildFile section */

/* Begin PBXContainerItemProxy section */
		DD79938E2C21FACA0051B44A /* PBXContainerItemProxy */ = {
			isa = PBXContainerItemProxy;
			containerPortal = DD79936F2C21FAC80051B44A /* Project object */;
			proxyType = 1;
			remoteGlobalIDString = DD7993762C21FAC80051B44A;
			remoteInfo = Base;
		};
		DD7993982C21FACA0051B44A /* PBXContainerItemProxy */ = {
			isa = PBXContainerItemProxy;
			containerPortal = DD79936F2C21FAC80051B44A /* Project object */;
			proxyType = 1;
			remoteGlobalIDString = DD7993762C21FAC80051B44A;
			remoteInfo = Base;
		};
/* End PBXContainerItemProxy section */

/* Begin PBXFileReference section */
		DD0BDAAC2C2605AD00F94189 /* Iceland-Regular.ttf */ = {isa = PBXFileReference; lastKnownFileType = file; path = "Iceland-Regular.ttf"; sourceTree = "<group>"; };
		DD0BDAB12C260A5300F94189 /* NewEventViewController.swift */ = {isa = PBXFileReference; lastKnownFileType = sourcecode.swift; path = NewEventViewController.swift; sourceTree = "<group>"; };
		DD0BDAB32C260C6C00F94189 /* NewEventBodyView.swift */ = {isa = PBXFileReference; lastKnownFileType = sourcecode.swift; path = NewEventBodyView.swift; sourceTree = "<group>"; };
		DD0BDAB52C260CD100F94189 /* BaseTextField.swift */ = {isa = PBXFileReference; lastKnownFileType = sourcecode.swift; path = BaseTextField.swift; sourceTree = "<group>"; };
		DD0BDAB72C26104700F94189 /* InfoTextField.swift */ = {isa = PBXFileReference; lastKnownFileType = sourcecode.swift; path = InfoTextField.swift; sourceTree = "<group>"; };
		DD1CFA502C24C171003FAD02 /* SportTypeView.swift */ = {isa = PBXFileReference; lastKnownFileType = sourcecode.swift; path = SportTypeView.swift; sourceTree = "<group>"; };
		DD1CFA522C24DD2E003FAD02 /* MainTableViewCell.swift */ = {isa = PBXFileReference; lastKnownFileType = sourcecode.swift; path = MainTableViewCell.swift; sourceTree = "<group>"; };
		DD1CFA542C24DEFD003FAD02 /* UIView+Extension.swift */ = {isa = PBXFileReference; lastKnownFileType = sourcecode.swift; path = "UIView+Extension.swift"; sourceTree = "<group>"; };
		DD67D69B2C26CB5500CE3A9B /* CalendarViewController.swift */ = {isa = PBXFileReference; lastKnownFileType = sourcecode.swift; path = CalendarViewController.swift; sourceTree = "<group>"; };
		DD67D69D2C26CB9700CE3A9B /* CalendarTableViewCell.swift */ = {isa = PBXFileReference; lastKnownFileType = sourcecode.swift; path = CalendarTableViewCell.swift; sourceTree = "<group>"; };
		DD67D69F2C26CD7800CE3A9B /* Models.swift */ = {isa = PBXFileReference; lastKnownFileType = sourcecode.swift; path = Models.swift; sourceTree = "<group>"; };
		DD67D6A12C26D48500CE3A9B /* SettingsView.swift */ = {isa = PBXFileReference; lastKnownFileType = sourcecode.swift; path = SettingsView.swift; sourceTree = "<group>"; };
		DD7586622C24A488000374C7 /* GrandHotel-Regular.otf */ = {isa = PBXFileReference; lastKnownFileType = file; path = "GrandHotel-Regular.otf"; sourceTree = "<group>"; };
		DD7586672C24A6C7000374C7 /* TitleView.swift */ = {isa = PBXFileReference; lastKnownFileType = sourcecode.swift; path = TitleView.swift; sourceTree = "<group>"; };
		DD7993772C21FAC80051B44A /* Base.app */ = {isa = PBXFileReference; explicitFileType = wrapper.application; includeInIndex = 0; path = Base.app; sourceTree = BUILT_PRODUCTS_DIR; };
		DD79937A2C21FAC80051B44A /* AppDelegate.swift */ = {isa = PBXFileReference; lastKnownFileType = sourcecode.swift; path = AppDelegate.swift; sourceTree = "<group>"; };
		DD79937C2C21FAC80051B44A /* SceneDelegate.swift */ = {isa = PBXFileReference; lastKnownFileType = sourcecode.swift; path = SceneDelegate.swift; sourceTree = "<group>"; };
		DD7993832C21FAC90051B44A /* Assets.xcassets */ = {isa = PBXFileReference; lastKnownFileType = folder.assetcatalog; path = Assets.xcassets; sourceTree = "<group>"; };
		DD7993862C21FAC90051B44A /* Base */ = {isa = PBXFileReference; lastKnownFileType = file.storyboard; name = Base; path = Base.lproj/LaunchScreen.storyboard; sourceTree = "<group>"; };
		DD7993882C21FAC90051B44A /* Info.plist */ = {isa = PBXFileReference; lastKnownFileType = text.plist.xml; path = Info.plist; sourceTree = "<group>"; };
		DD79938D2C21FACA0051B44A /* BaseTests.xctest */ = {isa = PBXFileReference; explicitFileType = wrapper.cfbundle; includeInIndex = 0; path = BaseTests.xctest; sourceTree = BUILT_PRODUCTS_DIR; };
		DD7993912C21FACA0051B44A /* BaseTests.swift */ = {isa = PBXFileReference; lastKnownFileType = sourcecode.swift; path = BaseTests.swift; sourceTree = "<group>"; };
		DD7993972C21FACA0051B44A /* BaseUITests.xctest */ = {isa = PBXFileReference; explicitFileType = wrapper.cfbundle; includeInIndex = 0; path = BaseUITests.xctest; sourceTree = BUILT_PRODUCTS_DIR; };
		DD79939B2C21FACA0051B44A /* BaseUITests.swift */ = {isa = PBXFileReference; lastKnownFileType = sourcecode.swift; path = BaseUITests.swift; sourceTree = "<group>"; };
		DD79939D2C21FACA0051B44A /* BaseUITestsLaunchTests.swift */ = {isa = PBXFileReference; lastKnownFileType = sourcecode.swift; path = BaseUITestsLaunchTests.swift; sourceTree = "<group>"; };
		DD7993AC2C21FB8B0051B44A /* UIFont+Extension.swift */ = {isa = PBXFileReference; fileEncoding = 4; lastKnownFileType = sourcecode.swift; path = "UIFont+Extension.swift"; sourceTree = "<group>"; };
		DD7993AD2C21FB8B0051B44A /* UIColor+Extension.swift */ = {isa = PBXFileReference; fileEncoding = 4; lastKnownFileType = sourcecode.swift; path = "UIColor+Extension.swift"; sourceTree = "<group>"; };
		DD7993AE2C21FB8B0051B44A /* UIViewController+Extension.swift */ = {isa = PBXFileReference; fileEncoding = 4; lastKnownFileType = sourcecode.swift; path = "UIViewController+Extension.swift"; sourceTree = "<group>"; };
		DD7993AF2C21FB8B0051B44A /* String+Extension.swift */ = {isa = PBXFileReference; fileEncoding = 4; lastKnownFileType = sourcecode.swift; path = "String+Extension.swift"; sourceTree = "<group>"; };
		DD7993B02C21FB8B0051B44A /* NSMutableAttributedString+Extension.swift */ = {isa = PBXFileReference; fileEncoding = 4; lastKnownFileType = sourcecode.swift; path = "NSMutableAttributedString+Extension.swift"; sourceTree = "<group>"; };
		DD7993B72C21FB8B0051B44A /* ContentSizedTableView.swift */ = {isa = PBXFileReference; fileEncoding = 4; lastKnownFileType = sourcecode.swift; path = ContentSizedTableView.swift; sourceTree = "<group>"; };
		DD7993CE2C2203570051B44A /* MainViewController.swift */ = {isa = PBXFileReference; lastKnownFileType = sourcecode.swift; path = MainViewController.swift; sourceTree = "<group>"; };
		DD907FBD2C2B5D150059BDCB /* Date+Extension.swift */ = {isa = PBXFileReference; lastKnownFileType = sourcecode.swift; path = "Date+Extension.swift"; sourceTree = "<group>"; };
		DDB30B592C2713920012B9C3 /* SettingsViewController.swift */ = {isa = PBXFileReference; lastKnownFileType = sourcecode.swift; path = SettingsViewController.swift; sourceTree = "<group>"; };
		DDB30B5B2C2713EE0012B9C3 /* BaseButton.swift */ = {isa = PBXFileReference; lastKnownFileType = sourcecode.swift; path = BaseButton.swift; sourceTree = "<group>"; };
		DDB30B5E2C27200B0012B9C3 /* TextViewController.swift */ = {isa = PBXFileReference; lastKnownFileType = sourcecode.swift; path = TextViewController.swift; sourceTree = "<group>"; };
		DDB30B602C2722630012B9C3 /* Localizable.strings */ = {isa = PBXFileReference; lastKnownFileType = text.plist.strings; path = Localizable.strings; sourceTree = "<group>"; };
		DDB30B632C2726320012B9C3 /* NotificationsViewController.swift */ = {isa = PBXFileReference; lastKnownFileType = sourcecode.swift; path = NotificationsViewController.swift; sourceTree = "<group>"; };
		DDB30B652C27269A0012B9C3 /* NotificationButton.swift */ = {isa = PBXFileReference; lastKnownFileType = sourcecode.swift; path = NotificationButton.swift; sourceTree = "<group>"; };
		DDB30B682C272AA60012B9C3 /* ProfileViewContreoller.swift */ = {isa = PBXFileReference; lastKnownFileType = sourcecode.swift; path = ProfileViewContreoller.swift; sourceTree = "<group>"; };
		DDD651E42C280A2800540A49 /* BonusViewController.swift */ = {isa = PBXFileReference; lastKnownFileType = sourcecode.swift; path = BonusViewController.swift; sourceTree = "<group>"; };
		DDD651E62C280B1000540A49 /* DaysBonusView.swift */ = {isa = PBXFileReference; lastKnownFileType = sourcecode.swift; path = DaysBonusView.swift; sourceTree = "<group>"; };
		DDD651E82C280B9000540A49 /* DayView.swift */ = {isa = PBXFileReference; lastKnownFileType = sourcecode.swift; path = DayView.swift; sourceTree = "<group>"; };
		DDD651EA2C28241400540A49 /* ChooseBonusView.swift */ = {isa = PBXFileReference; lastKnownFileType = sourcecode.swift; path = ChooseBonusView.swift; sourceTree = "<group>"; };
		DDD651EC2C282C2D00540A49 /* ChooseImageView.swift */ = {isa = PBXFileReference; lastKnownFileType = sourcecode.swift; path = ChooseImageView.swift; sourceTree = "<group>"; };
		DDD651EE2C283CC400540A49 /* EventsModel.swift */ = {isa = PBXFileReference; lastKnownFileType = sourcecode.swift; path = EventsModel.swift; sourceTree = "<group>"; };
/* End PBXFileReference section */

/* Begin PBXFrameworksBuildPhase section */
		DD7993742C21FAC80051B44A /* Frameworks */ = {
			isa = PBXFrameworksBuildPhase;
			buildActionMask = 2147483647;
			files = (
			);
			runOnlyForDeploymentPostprocessing = 0;
		};
		DD79938A2C21FACA0051B44A /* Frameworks */ = {
			isa = PBXFrameworksBuildPhase;
			buildActionMask = 2147483647;
			files = (
			);
			runOnlyForDeploymentPostprocessing = 0;
		};
		DD7993942C21FACA0051B44A /* Frameworks */ = {
			isa = PBXFrameworksBuildPhase;
			buildActionMask = 2147483647;
			files = (
			);
			runOnlyForDeploymentPostprocessing = 0;
		};
/* End PBXFrameworksBuildPhase section */

/* Begin PBXGroup section */
		DD0BDAB02C260A3200F94189 /* NewEventScreen */ = {
			isa = PBXGroup;
			children = (
				DD0BDAB12C260A5300F94189 /* NewEventViewController.swift */,
				DD0BDAB32C260C6C00F94189 /* NewEventBodyView.swift */,
				DD0BDAB72C26104700F94189 /* InfoTextField.swift */,
			);
			path = NewEventScreen;
			sourceTree = "<group>";
		};
		DD67D69A2C26CB4200CE3A9B /* CalendarScreen */ = {
			isa = PBXGroup;
			children = (
				DD67D69B2C26CB5500CE3A9B /* CalendarViewController.swift */,
				DD67D69D2C26CB9700CE3A9B /* CalendarTableViewCell.swift */,
			);
			path = CalendarScreen;
			sourceTree = "<group>";
		};
		DD75865F2C24A413000374C7 /* Fonts */ = {
			isa = PBXGroup;
			children = (
				DD0BDAAC2C2605AD00F94189 /* Iceland-Regular.ttf */,
				DD7586622C24A488000374C7 /* GrandHotel-Regular.otf */,
			);
			path = Fonts;
			sourceTree = "<group>";
		};
		DD7586662C24A659000374C7 /* BaseForProject */ = {
			isa = PBXGroup;
			children = (
				DD7586672C24A6C7000374C7 /* TitleView.swift */,
				DD1CFA502C24C171003FAD02 /* SportTypeView.swift */,
				DD1CFA522C24DD2E003FAD02 /* MainTableViewCell.swift */,
				DD0BDAB52C260CD100F94189 /* BaseTextField.swift */,
				DD67D69F2C26CD7800CE3A9B /* Models.swift */,
				DD67D6A12C26D48500CE3A9B /* SettingsView.swift */,
				DDB30B5B2C2713EE0012B9C3 /* BaseButton.swift */,
				DDB30B602C2722630012B9C3 /* Localizable.strings */,
				DDD651EE2C283CC400540A49 /* EventsModel.swift */,
			);
			path = BaseForProject;
			sourceTree = "<group>";
		};
		DD79936E2C21FAC80051B44A = {
			isa = PBXGroup;
			children = (
				DD7993792C21FAC80051B44A /* Base */,
				DD7993902C21FACA0051B44A /* BaseTests */,
				DD79939A2C21FACA0051B44A /* BaseUITests */,
				DD7993782C21FAC80051B44A /* Products */,
			);
			sourceTree = "<group>";
		};
		DD7993782C21FAC80051B44A /* Products */ = {
			isa = PBXGroup;
			children = (
				DD7993772C21FAC80051B44A /* Base.app */,
				DD79938D2C21FACA0051B44A /* BaseTests.xctest */,
				DD7993972C21FACA0051B44A /* BaseUITests.xctest */,
			);
			name = Products;
			sourceTree = "<group>";
		};
		DD7993792C21FAC80051B44A /* Base */ = {
			isa = PBXGroup;
			children = (
				DDD651E32C28098B00540A49 /* BonusScreen */,
				DDB30B672C272A920012B9C3 /* ProfileScreen */,
				DDB30B622C2726170012B9C3 /* NotificationsScreen */,
				DDB30B5D2C271FE90012B9C3 /* TextScreen */,
				DDB30B582C27137A0012B9C3 /* SettingsScreen */,
				DD67D69A2C26CB4200CE3A9B /* CalendarScreen */,
				DD0BDAB02C260A3200F94189 /* NewEventScreen */,
				DD7586662C24A659000374C7 /* BaseForProject */,
				DD7993CD2C22033C0051B44A /* MainScreen */,
				DD7993C92C21FDF00051B44A /* Application */,
				DD7993AA2C21FB8B0051B44A /* Utils */,
				DD7993832C21FAC90051B44A /* Assets.xcassets */,
				DD7993852C21FAC90051B44A /* LaunchScreen.storyboard */,
				DD7993882C21FAC90051B44A /* Info.plist */,
			);
			path = Base;
			sourceTree = "<group>";
		};
		DD7993902C21FACA0051B44A /* BaseTests */ = {
			isa = PBXGroup;
			children = (
				DD7993912C21FACA0051B44A /* BaseTests.swift */,
			);
			path = BaseTests;
			sourceTree = "<group>";
		};
		DD79939A2C21FACA0051B44A /* BaseUITests */ = {
			isa = PBXGroup;
			children = (
				DD79939B2C21FACA0051B44A /* BaseUITests.swift */,
				DD79939D2C21FACA0051B44A /* BaseUITestsLaunchTests.swift */,
			);
			path = BaseUITests;
			sourceTree = "<group>";
		};
		DD7993AA2C21FB8B0051B44A /* Utils */ = {
			isa = PBXGroup;
			children = (
				DD75865F2C24A413000374C7 /* Fonts */,
				DD7993AB2C21FB8B0051B44A /* Extension */,
				DD7993B12C21FB8B0051B44A /* View */,
			);
			path = Utils;
			sourceTree = "<group>";
		};
		DD7993AB2C21FB8B0051B44A /* Extension */ = {
			isa = PBXGroup;
			children = (
				DD7993AC2C21FB8B0051B44A /* UIFont+Extension.swift */,
				DD7993AD2C21FB8B0051B44A /* UIColor+Extension.swift */,
				DD907FBF2C2B618C0059BDCB /* Date+Extension.swift */,
				DD7993AE2C21FB8B0051B44A /* UIViewController+Extension.swift */,
				DD907FC12C2B61A50059BDCB /* UIView+Extension.swift */,
				DD7993AF2C21FB8B0051B44A /* String+Extension.swift */,
				DD7993B02C21FB8B0051B44A /* NSMutableAttributedString+Extension.swift */,
				DD1CFA542C24DEFD003FAD02 /* UIView+Extension.swift */,
				DD907FBD2C2B5D150059BDCB /* Date+Extension.swift */,
			);
			path = Extension;
			sourceTree = "<group>";
		};
		DD7993B12C21FB8B0051B44A /* View */ = {
			isa = PBXGroup;
			children = (
				DD7993B72C21FB8B0051B44A /* ContentSizedTableView.swift */,
			);
			path = View;
			sourceTree = "<group>";
		};
		DD7993C92C21FDF00051B44A /* Application */ = {
			isa = PBXGroup;
			children = (
				DD79937A2C21FAC80051B44A /* AppDelegate.swift */,
				DD79937C2C21FAC80051B44A /* SceneDelegate.swift */,
			);
			path = Application;
			sourceTree = "<group>";
		};
		DD7993CD2C22033C0051B44A /* MainScreen */ = {
			isa = PBXGroup;
			children = (
				DD7993CE2C2203570051B44A /* MainViewController.swift */,
			);
			path = MainScreen;
			sourceTree = "<group>";
		};
		DDB30B582C27137A0012B9C3 /* SettingsScreen */ = {
			isa = PBXGroup;
			children = (
				DDB30B592C2713920012B9C3 /* SettingsViewController.swift */,
			);
			path = SettingsScreen;
			sourceTree = "<group>";
		};
		DDB30B5D2C271FE90012B9C3 /* TextScreen */ = {
			isa = PBXGroup;
			children = (
				DDB30B5E2C27200B0012B9C3 /* TextViewController.swift */,
			);
			path = TextScreen;
			sourceTree = "<group>";
		};
		DDB30B622C2726170012B9C3 /* NotificationsScreen */ = {
			isa = PBXGroup;
			children = (
				DDB30B632C2726320012B9C3 /* NotificationsViewController.swift */,
				DDB30B652C27269A0012B9C3 /* NotificationButton.swift */,
			);
			path = NotificationsScreen;
			sourceTree = "<group>";
		};
		DDB30B672C272A920012B9C3 /* ProfileScreen */ = {
			isa = PBXGroup;
			children = (
				DDB30B682C272AA60012B9C3 /* ProfileViewContreoller.swift */,
			);
			path = ProfileScreen;
			sourceTree = "<group>";
		};
		DDD651E32C28098B00540A49 /* BonusScreen */ = {
			isa = PBXGroup;
			children = (
				DDD651E42C280A2800540A49 /* BonusViewController.swift */,
				DDD651E62C280B1000540A49 /* DaysBonusView.swift */,
				DDD651E82C280B9000540A49 /* DayView.swift */,
				DDD651EA2C28241400540A49 /* ChooseBonusView.swift */,
				DDD651EC2C282C2D00540A49 /* ChooseImageView.swift */,
			);
			path = BonusScreen;
			sourceTree = "<group>";
		};
/* End PBXGroup section */

/* Begin PBXNativeTarget section */
		DD7993762C21FAC80051B44A /* Base */ = {
			isa = PBXNativeTarget;
			buildConfigurationList = DD7993A12C21FACA0051B44A /* Build configuration list for PBXNativeTarget "Base" */;
			buildPhases = (
				DD7993732C21FAC80051B44A /* Sources */,
				DD7993742C21FAC80051B44A /* Frameworks */,
				DD7993752C21FAC80051B44A /* Resources */,
			);
			buildRules = (
			);
			dependencies = (
			);
			name = Base;
			productName = Base;
			productReference = DD7993772C21FAC80051B44A /* Base.app */;
			productType = "com.apple.product-type.application";
		};
		DD79938C2C21FACA0051B44A /* BaseTests */ = {
			isa = PBXNativeTarget;
			buildConfigurationList = DD7993A42C21FACA0051B44A /* Build configuration list for PBXNativeTarget "BaseTests" */;
			buildPhases = (
				DD7993892C21FACA0051B44A /* Sources */,
				DD79938A2C21FACA0051B44A /* Frameworks */,
				DD79938B2C21FACA0051B44A /* Resources */,
			);
			buildRules = (
			);
			dependencies = (
				DD79938F2C21FACA0051B44A /* PBXTargetDependency */,
			);
			name = BaseTests;
			productName = BaseTests;
			productReference = DD79938D2C21FACA0051B44A /* BaseTests.xctest */;
			productType = "com.apple.product-type.bundle.unit-test";
		};
		DD7993962C21FACA0051B44A /* BaseUITests */ = {
			isa = PBXNativeTarget;
			buildConfigurationList = DD7993A72C21FACA0051B44A /* Build configuration list for PBXNativeTarget "BaseUITests" */;
			buildPhases = (
				DD7993932C21FACA0051B44A /* Sources */,
				DD7993942C21FACA0051B44A /* Frameworks */,
				DD7993952C21FACA0051B44A /* Resources */,
			);
			buildRules = (
			);
			dependencies = (
				DD7993992C21FACA0051B44A /* PBXTargetDependency */,
			);
			name = BaseUITests;
			productName = BaseUITests;
			productReference = DD7993972C21FACA0051B44A /* BaseUITests.xctest */;
			productType = "com.apple.product-type.bundle.ui-testing";
		};
/* End PBXNativeTarget section */

/* Begin PBXProject section */
		DD79936F2C21FAC80051B44A /* Project object */ = {
			isa = PBXProject;
			attributes = {
				BuildIndependentTargetsInParallel = 1;
				LastSwiftUpdateCheck = 1520;
				LastUpgradeCheck = 1520;
				TargetAttributes = {
					DD7993762C21FAC80051B44A = {
						CreatedOnToolsVersion = 15.2;
					};
					DD79938C2C21FACA0051B44A = {
						CreatedOnToolsVersion = 15.2;
						TestTargetID = DD7993762C21FAC80051B44A;
					};
					DD7993962C21FACA0051B44A = {
						CreatedOnToolsVersion = 15.2;
						TestTargetID = DD7993762C21FAC80051B44A;
					};
				};
			};
			buildConfigurationList = DD7993722C21FAC80051B44A /* Build configuration list for PBXProject "Base" */;
			compatibilityVersion = "Xcode 14.0";
			developmentRegion = en;
			hasScannedForEncodings = 0;
			knownRegions = (
				en,
				Base,
			);
			mainGroup = DD79936E2C21FAC80051B44A;
			productRefGroup = DD7993782C21FAC80051B44A /* Products */;
			projectDirPath = "";
			projectRoot = "";
			targets = (
				DD7993762C21FAC80051B44A /* Base */,
				DD79938C2C21FACA0051B44A /* BaseTests */,
				DD7993962C21FACA0051B44A /* BaseUITests */,
			);
		};
/* End PBXProject section */

/* Begin PBXResourcesBuildPhase section */
		DD7993752C21FAC80051B44A /* Resources */ = {
			isa = PBXResourcesBuildPhase;
			buildActionMask = 2147483647;
			files = (
				DDB30B612C2722630012B9C3 /* Localizable.strings in Resources */,
				DD7586632C24A48B000374C7 /* GrandHotel-Regular.otf in Resources */,
				DD7993872C21FAC90051B44A /* LaunchScreen.storyboard in Resources */,
				DD0BDAAD2C2605AE00F94189 /* Iceland-Regular.ttf in Resources */,
				DD7993842C21FAC90051B44A /* Assets.xcassets in Resources */,
			);
			runOnlyForDeploymentPostprocessing = 0;
		};
		DD79938B2C21FACA0051B44A /* Resources */ = {
			isa = PBXResourcesBuildPhase;
			buildActionMask = 2147483647;
			files = (
				DD0BDAAE2C2605B600F94189 /* Iceland-Regular.ttf in Resources */,
				DD7586642C24A48E000374C7 /* GrandHotel-Regular.otf in Resources */,
			);
			runOnlyForDeploymentPostprocessing = 0;
		};
		DD7993952C21FACA0051B44A /* Resources */ = {
			isa = PBXResourcesBuildPhase;
			buildActionMask = 2147483647;
			files = (
				DD0BDAAF2C2605B700F94189 /* Iceland-Regular.ttf in Resources */,
				DD7586652C24A48E000374C7 /* GrandHotel-Regular.otf in Resources */,
			);
			runOnlyForDeploymentPostprocessing = 0;
		};
/* End PBXResourcesBuildPhase section */

/* Begin PBXSourcesBuildPhase section */
		DD7993732C21FAC80051B44A /* Sources */ = {
			isa = PBXSourcesBuildPhase;
			buildActionMask = 2147483647;
			files = (
				DD67D6A22C26D48500CE3A9B /* SettingsView.swift in Sources */,
				DD7993BB2C21FB8B0051B44A /* UIFont+Extension.swift in Sources */,
				DD1CFA552C24DEFD003FAD02 /* UIView+Extension.swift in Sources */,
				DDB30B692C272AA60012B9C3 /* ProfileViewContreoller.swift in Sources */,
				DD0BDAB62C260CD100F94189 /* BaseTextField.swift in Sources */,
				DDD651E92C280B9000540A49 /* DayView.swift in Sources */,
				DD79937B2C21FAC80051B44A /* AppDelegate.swift in Sources */,
				DDB30B642C2726320012B9C3 /* NotificationsViewController.swift in Sources */,
				DD67D69E2C26CB9700CE3A9B /* CalendarTableViewCell.swift in Sources */,
				DD907FBE2C2B5D150059BDCB /* Date+Extension.swift in Sources */,
				DD1CFA512C24C171003FAD02 /* SportTypeView.swift in Sources */,
				DD0BDAB42C260C6C00F94189 /* NewEventBodyView.swift in Sources */,
				DD67D69C2C26CB5500CE3A9B /* CalendarViewController.swift in Sources */,
				DDB30B5C2C2713EE0012B9C3 /* BaseButton.swift in Sources */,
				DD0BDAB22C260A5300F94189 /* NewEventViewController.swift in Sources */,
				DDD651EF2C283CC400540A49 /* EventsModel.swift in Sources */,
				DD79937D2C21FAC80051B44A /* SceneDelegate.swift in Sources */,
				DDD651ED2C282C2D00540A49 /* ChooseImageView.swift in Sources */,
				DD7993BD2C21FB8B0051B44A /* UIViewController+Extension.swift in Sources */,
				DDD651E72C280B1000540A49 /* DaysBonusView.swift in Sources */,
				DD7993BF2C21FB8B0051B44A /* NSMutableAttributedString+Extension.swift in Sources */,
				DDB30B5A2C2713920012B9C3 /* SettingsViewController.swift in Sources */,
				DD0BDAB82C26104700F94189 /* InfoTextField.swift in Sources */,
				DD7993BE2C21FB8B0051B44A /* String+Extension.swift in Sources */,
				DD7993CF2C2203570051B44A /* MainViewController.swift in Sources */,
				DD7993C52C21FB8B0051B44A /* ContentSizedTableView.swift in Sources */,
				DD7993BC2C21FB8B0051B44A /* UIColor+Extension.swift in Sources */,
				DD1CFA532C24DD2E003FAD02 /* MainTableViewCell.swift in Sources */,
				DD7586682C24A6C7000374C7 /* TitleView.swift in Sources */,
				DD67D6A02C26CD7800CE3A9B /* Models.swift in Sources */,
				DDB30B662C27269A0012B9C3 /* NotificationButton.swift in Sources */,
				DDD651EB2C28241400540A49 /* ChooseBonusView.swift in Sources */,
				DDD651E52C280A2800540A49 /* BonusViewController.swift in Sources */,
				DDB30B5F2C27200B0012B9C3 /* TextViewController.swift in Sources */,
			);
			runOnlyForDeploymentPostprocessing = 0;
		};
		DD7993892C21FACA0051B44A /* Sources */ = {
			isa = PBXSourcesBuildPhase;
			buildActionMask = 2147483647;
			files = (
				DD7993922C21FACA0051B44A /* BaseTests.swift in Sources */,
			);
			runOnlyForDeploymentPostprocessing = 0;
		};
		DD7993932C21FACA0051B44A /* Sources */ = {
			isa = PBXSourcesBuildPhase;
			buildActionMask = 2147483647;
			files = (
				DD79939C2C21FACA0051B44A /* BaseUITests.swift in Sources */,
				DD79939E2C21FACA0051B44A /* BaseUITestsLaunchTests.swift in Sources */,
			);
			runOnlyForDeploymentPostprocessing = 0;
		};
/* End PBXSourcesBuildPhase section */

/* Begin PBXTargetDependency section */
		DD79938F2C21FACA0051B44A /* PBXTargetDependency */ = {
			isa = PBXTargetDependency;
			target = DD7993762C21FAC80051B44A /* Base */;
			targetProxy = DD79938E2C21FACA0051B44A /* PBXContainerItemProxy */;
		};
		DD7993992C21FACA0051B44A /* PBXTargetDependency */ = {
			isa = PBXTargetDependency;
			target = DD7993762C21FAC80051B44A /* Base */;
			targetProxy = DD7993982C21FACA0051B44A /* PBXContainerItemProxy */;
		};
/* End PBXTargetDependency section */

/* Begin PBXVariantGroup section */
		DD7993852C21FAC90051B44A /* LaunchScreen.storyboard */ = {
			isa = PBXVariantGroup;
			children = (
				DD7993862C21FAC90051B44A /* Base */,
			);
			name = LaunchScreen.storyboard;
			sourceTree = "<group>";
		};
/* End PBXVariantGroup section */

/* Begin XCBuildConfiguration section */
		DD79939F2C21FACA0051B44A /* Debug */ = {
			isa = XCBuildConfiguration;
			buildSettings = {
				ALWAYS_SEARCH_USER_PATHS = NO;
				ASSETCATALOG_COMPILER_GENERATE_SWIFT_ASSET_SYMBOL_EXTENSIONS = YES;
				CLANG_ANALYZER_NONNULL = YES;
				CLANG_ANALYZER_NUMBER_OBJECT_CONVERSION = YES_AGGRESSIVE;
				CLANG_CXX_LANGUAGE_STANDARD = "gnu++20";
				CLANG_ENABLE_MODULES = YES;
				CLANG_ENABLE_OBJC_ARC = YES;
				CLANG_ENABLE_OBJC_WEAK = YES;
				CLANG_WARN_BLOCK_CAPTURE_AUTORELEASING = YES;
				CLANG_WARN_BOOL_CONVERSION = YES;
				CLANG_WARN_COMMA = YES;
				CLANG_WARN_CONSTANT_CONVERSION = YES;
				CLANG_WARN_DEPRECATED_OBJC_IMPLEMENTATIONS = YES;
				CLANG_WARN_DIRECT_OBJC_ISA_USAGE = YES_ERROR;
				CLANG_WARN_DOCUMENTATION_COMMENTS = YES;
				CLANG_WARN_EMPTY_BODY = YES;
				CLANG_WARN_ENUM_CONVERSION = YES;
				CLANG_WARN_INFINITE_RECURSION = YES;
				CLANG_WARN_INT_CONVERSION = YES;
				CLANG_WARN_NON_LITERAL_NULL_CONVERSION = YES;
				CLANG_WARN_OBJC_IMPLICIT_RETAIN_SELF = YES;
				CLANG_WARN_OBJC_LITERAL_CONVERSION = YES;
				CLANG_WARN_OBJC_ROOT_CLASS = YES_ERROR;
				CLANG_WARN_QUOTED_INCLUDE_IN_FRAMEWORK_HEADER = YES;
				CLANG_WARN_RANGE_LOOP_ANALYSIS = YES;
				CLANG_WARN_STRICT_PROTOTYPES = YES;
				CLANG_WARN_SUSPICIOUS_MOVE = YES;
				CLANG_WARN_UNGUARDED_AVAILABILITY = YES_AGGRESSIVE;
				CLANG_WARN_UNREACHABLE_CODE = YES;
				CLANG_WARN__DUPLICATE_METHOD_MATCH = YES;
				COPY_PHASE_STRIP = NO;
				DEBUG_INFORMATION_FORMAT = dwarf;
				ENABLE_STRICT_OBJC_MSGSEND = YES;
				ENABLE_TESTABILITY = YES;
				ENABLE_USER_SCRIPT_SANDBOXING = YES;
				GCC_C_LANGUAGE_STANDARD = gnu17;
				GCC_DYNAMIC_NO_PIC = NO;
				GCC_NO_COMMON_BLOCKS = YES;
				GCC_OPTIMIZATION_LEVEL = 0;
				GCC_PREPROCESSOR_DEFINITIONS = (
					"DEBUG=1",
					"$(inherited)",
				);
				GCC_WARN_64_TO_32_BIT_CONVERSION = YES;
				GCC_WARN_ABOUT_RETURN_TYPE = YES_ERROR;
				GCC_WARN_UNDECLARED_SELECTOR = YES;
				GCC_WARN_UNINITIALIZED_AUTOS = YES_AGGRESSIVE;
				GCC_WARN_UNUSED_FUNCTION = YES;
				GCC_WARN_UNUSED_VARIABLE = YES;
				IPHONEOS_DEPLOYMENT_TARGET = 17.2;
				LOCALIZATION_PREFERS_STRING_CATALOGS = YES;
				MTL_ENABLE_DEBUG_INFO = INCLUDE_SOURCE;
				MTL_FAST_MATH = YES;
				ONLY_ACTIVE_ARCH = YES;
				SDKROOT = iphoneos;
				SWIFT_ACTIVE_COMPILATION_CONDITIONS = "DEBUG $(inherited)";
				SWIFT_OPTIMIZATION_LEVEL = "-Onone";
			};
			name = Debug;
		};
		DD7993A02C21FACA0051B44A /* Release */ = {
			isa = XCBuildConfiguration;
			buildSettings = {
				ALWAYS_SEARCH_USER_PATHS = NO;
				ASSETCATALOG_COMPILER_GENERATE_SWIFT_ASSET_SYMBOL_EXTENSIONS = YES;
				CLANG_ANALYZER_NONNULL = YES;
				CLANG_ANALYZER_NUMBER_OBJECT_CONVERSION = YES_AGGRESSIVE;
				CLANG_CXX_LANGUAGE_STANDARD = "gnu++20";
				CLANG_ENABLE_MODULES = YES;
				CLANG_ENABLE_OBJC_ARC = YES;
				CLANG_ENABLE_OBJC_WEAK = YES;
				CLANG_WARN_BLOCK_CAPTURE_AUTORELEASING = YES;
				CLANG_WARN_BOOL_CONVERSION = YES;
				CLANG_WARN_COMMA = YES;
				CLANG_WARN_CONSTANT_CONVERSION = YES;
				CLANG_WARN_DEPRECATED_OBJC_IMPLEMENTATIONS = YES;
				CLANG_WARN_DIRECT_OBJC_ISA_USAGE = YES_ERROR;
				CLANG_WARN_DOCUMENTATION_COMMENTS = YES;
				CLANG_WARN_EMPTY_BODY = YES;
				CLANG_WARN_ENUM_CONVERSION = YES;
				CLANG_WARN_INFINITE_RECURSION = YES;
				CLANG_WARN_INT_CONVERSION = YES;
				CLANG_WARN_NON_LITERAL_NULL_CONVERSION = YES;
				CLANG_WARN_OBJC_IMPLICIT_RETAIN_SELF = YES;
				CLANG_WARN_OBJC_LITERAL_CONVERSION = YES;
				CLANG_WARN_OBJC_ROOT_CLASS = YES_ERROR;
				CLANG_WARN_QUOTED_INCLUDE_IN_FRAMEWORK_HEADER = YES;
				CLANG_WARN_RANGE_LOOP_ANALYSIS = YES;
				CLANG_WARN_STRICT_PROTOTYPES = YES;
				CLANG_WARN_SUSPICIOUS_MOVE = YES;
				CLANG_WARN_UNGUARDED_AVAILABILITY = YES_AGGRESSIVE;
				CLANG_WARN_UNREACHABLE_CODE = YES;
				CLANG_WARN__DUPLICATE_METHOD_MATCH = YES;
				COPY_PHASE_STRIP = NO;
				DEBUG_INFORMATION_FORMAT = "dwarf-with-dsym";
				ENABLE_NS_ASSERTIONS = NO;
				ENABLE_STRICT_OBJC_MSGSEND = YES;
				ENABLE_USER_SCRIPT_SANDBOXING = YES;
				GCC_C_LANGUAGE_STANDARD = gnu17;
				GCC_NO_COMMON_BLOCKS = YES;
				GCC_WARN_64_TO_32_BIT_CONVERSION = YES;
				GCC_WARN_ABOUT_RETURN_TYPE = YES_ERROR;
				GCC_WARN_UNDECLARED_SELECTOR = YES;
				GCC_WARN_UNINITIALIZED_AUTOS = YES_AGGRESSIVE;
				GCC_WARN_UNUSED_FUNCTION = YES;
				GCC_WARN_UNUSED_VARIABLE = YES;
				IPHONEOS_DEPLOYMENT_TARGET = 17.2;
				LOCALIZATION_PREFERS_STRING_CATALOGS = YES;
				MTL_ENABLE_DEBUG_INFO = NO;
				MTL_FAST_MATH = YES;
				SDKROOT = iphoneos;
				SWIFT_COMPILATION_MODE = wholemodule;
				VALIDATE_PRODUCT = YES;
			};
			name = Release;
		};
		DD7993A22C21FACA0051B44A /* Debug */ = {
			isa = XCBuildConfiguration;
			buildSettings = {
				ASSETCATALOG_COMPILER_APPICON_NAME = AppIcon;
				ASSETCATALOG_COMPILER_GLOBAL_ACCENT_COLOR_NAME = AccentColor;
				CODE_SIGN_STYLE = Automatic;
				CURRENT_PROJECT_VERSION = 1;
				DEVELOPMENT_TEAM = 39SH4B66FT;
				GENERATE_INFOPLIST_FILE = YES;
				INFOPLIST_FILE = Base/Info.plist;
				INFOPLIST_KEY_NSPhotoLibraryAddUsageDescription = "The application requests access to the gallery";
				INFOPLIST_KEY_UIApplicationSupportsIndirectInputEvents = YES;
				INFOPLIST_KEY_UILaunchStoryboardName = LaunchScreen;
				INFOPLIST_KEY_UISupportedInterfaceOrientations_iPad = "UIInterfaceOrientationPortrait UIInterfaceOrientationPortraitUpsideDown UIInterfaceOrientationLandscapeLeft UIInterfaceOrientationLandscapeRight";
				INFOPLIST_KEY_UISupportedInterfaceOrientations_iPhone = "UIInterfaceOrientationPortrait UIInterfaceOrientationLandscapeLeft UIInterfaceOrientationLandscapeRight";
				LD_RUNPATH_SEARCH_PATHS = (
					"$(inherited)",
					"@executable_path/Frameworks",
				);
				MARKETING_VERSION = 1.0;
				PRODUCT_BUNDLE_IDENTIFIER = art.Base;
				PRODUCT_NAME = "$(TARGET_NAME)";
				SWIFT_EMIT_LOC_STRINGS = YES;
				SWIFT_VERSION = 5.0;
				TARGETED_DEVICE_FAMILY = "1,2";
			};
			name = Debug;
		};
		DD7993A32C21FACA0051B44A /* Release */ = {
			isa = XCBuildConfiguration;
			buildSettings = {
				ASSETCATALOG_COMPILER_APPICON_NAME = AppIcon;
				ASSETCATALOG_COMPILER_GLOBAL_ACCENT_COLOR_NAME = AccentColor;
				CODE_SIGN_STYLE = Automatic;
				CURRENT_PROJECT_VERSION = 1;
				DEVELOPMENT_TEAM = 39SH4B66FT;
				GENERATE_INFOPLIST_FILE = YES;
				INFOPLIST_FILE = Base/Info.plist;
				INFOPLIST_KEY_NSPhotoLibraryAddUsageDescription = "The application requests access to the gallery";
				INFOPLIST_KEY_UIApplicationSupportsIndirectInputEvents = YES;
				INFOPLIST_KEY_UILaunchStoryboardName = LaunchScreen;
				INFOPLIST_KEY_UISupportedInterfaceOrientations_iPad = "UIInterfaceOrientationPortrait UIInterfaceOrientationPortraitUpsideDown UIInterfaceOrientationLandscapeLeft UIInterfaceOrientationLandscapeRight";
				INFOPLIST_KEY_UISupportedInterfaceOrientations_iPhone = "UIInterfaceOrientationPortrait UIInterfaceOrientationLandscapeLeft UIInterfaceOrientationLandscapeRight";
				LD_RUNPATH_SEARCH_PATHS = (
					"$(inherited)",
					"@executable_path/Frameworks",
				);
				MARKETING_VERSION = 1.0;
				PRODUCT_BUNDLE_IDENTIFIER = art.Base;
				PRODUCT_NAME = "$(TARGET_NAME)";
				SWIFT_EMIT_LOC_STRINGS = YES;
				SWIFT_VERSION = 5.0;
				TARGETED_DEVICE_FAMILY = "1,2";
			};
			name = Release;
		};
		DD7993A52C21FACA0051B44A /* Debug */ = {
			isa = XCBuildConfiguration;
			buildSettings = {
				ALWAYS_EMBED_SWIFT_STANDARD_LIBRARIES = YES;
				BUNDLE_LOADER = "$(TEST_HOST)";
				CODE_SIGN_STYLE = Automatic;
				CURRENT_PROJECT_VERSION = 1;
				DEVELOPMENT_TEAM = 39SH4B66FT;
				GENERATE_INFOPLIST_FILE = YES;
				IPHONEOS_DEPLOYMENT_TARGET = 17.2;
				MARKETING_VERSION = 1.0;
				PRODUCT_BUNDLE_IDENTIFIER = art.BaseTests;
				PRODUCT_NAME = "$(TARGET_NAME)";
				SWIFT_EMIT_LOC_STRINGS = NO;
				SWIFT_VERSION = 5.0;
				TARGETED_DEVICE_FAMILY = "1,2";
				TEST_HOST = "$(BUILT_PRODUCTS_DIR)/Base.app/$(BUNDLE_EXECUTABLE_FOLDER_PATH)/Base";
			};
			name = Debug;
		};
		DD7993A62C21FACA0051B44A /* Release */ = {
			isa = XCBuildConfiguration;
			buildSettings = {
				ALWAYS_EMBED_SWIFT_STANDARD_LIBRARIES = YES;
				BUNDLE_LOADER = "$(TEST_HOST)";
				CODE_SIGN_STYLE = Automatic;
				CURRENT_PROJECT_VERSION = 1;
				DEVELOPMENT_TEAM = 39SH4B66FT;
				GENERATE_INFOPLIST_FILE = YES;
				IPHONEOS_DEPLOYMENT_TARGET = 17.2;
				MARKETING_VERSION = 1.0;
				PRODUCT_BUNDLE_IDENTIFIER = art.BaseTests;
				PRODUCT_NAME = "$(TARGET_NAME)";
				SWIFT_EMIT_LOC_STRINGS = NO;
				SWIFT_VERSION = 5.0;
				TARGETED_DEVICE_FAMILY = "1,2";
				TEST_HOST = "$(BUILT_PRODUCTS_DIR)/Base.app/$(BUNDLE_EXECUTABLE_FOLDER_PATH)/Base";
			};
			name = Release;
		};
		DD7993A82C21FACA0051B44A /* Debug */ = {
			isa = XCBuildConfiguration;
			buildSettings = {
				ALWAYS_EMBED_SWIFT_STANDARD_LIBRARIES = YES;
				CODE_SIGN_STYLE = Automatic;
				CURRENT_PROJECT_VERSION = 1;
				DEVELOPMENT_TEAM = 39SH4B66FT;
				GENERATE_INFOPLIST_FILE = YES;
				MARKETING_VERSION = 1.0;
				PRODUCT_BUNDLE_IDENTIFIER = art.BaseUITests;
				PRODUCT_NAME = "$(TARGET_NAME)";
				SWIFT_EMIT_LOC_STRINGS = NO;
				SWIFT_VERSION = 5.0;
				TARGETED_DEVICE_FAMILY = "1,2";
				TEST_TARGET_NAME = Base;
			};
			name = Debug;
		};
		DD7993A92C21FACA0051B44A /* Release */ = {
			isa = XCBuildConfiguration;
			buildSettings = {
				ALWAYS_EMBED_SWIFT_STANDARD_LIBRARIES = YES;
				CODE_SIGN_STYLE = Automatic;
				CURRENT_PROJECT_VERSION = 1;
				DEVELOPMENT_TEAM = 39SH4B66FT;
				GENERATE_INFOPLIST_FILE = YES;
				MARKETING_VERSION = 1.0;
				PRODUCT_BUNDLE_IDENTIFIER = art.BaseUITests;
				PRODUCT_NAME = "$(TARGET_NAME)";
				SWIFT_EMIT_LOC_STRINGS = NO;
				SWIFT_VERSION = 5.0;
				TARGETED_DEVICE_FAMILY = "1,2";
				TEST_TARGET_NAME = Base;
			};
			name = Release;
		};
/* End XCBuildConfiguration section */

/* Begin XCConfigurationList section */
		DD7993722C21FAC80051B44A /* Build configuration list for PBXProject "Base" */ = {
			isa = XCConfigurationList;
			buildConfigurations = (
				DD79939F2C21FACA0051B44A /* Debug */,
				DD7993A02C21FACA0051B44A /* Release */,
			);
			defaultConfigurationIsVisible = 0;
			defaultConfigurationName = Release;
		};
		DD7993A12C21FACA0051B44A /* Build configuration list for PBXNativeTarget "Base" */ = {
			isa = XCConfigurationList;
			buildConfigurations = (
				DD7993A22C21FACA0051B44A /* Debug */,
				DD7993A32C21FACA0051B44A /* Release */,
			);
			defaultConfigurationIsVisible = 0;
			defaultConfigurationName = Release;
		};
		DD7993A42C21FACA0051B44A /* Build configuration list for PBXNativeTarget "BaseTests" */ = {
			isa = XCConfigurationList;
			buildConfigurations = (
				DD7993A52C21FACA0051B44A /* Debug */,
				DD7993A62C21FACA0051B44A /* Release */,
			);
			defaultConfigurationIsVisible = 0;
			defaultConfigurationName = Release;
		};
		DD7993A72C21FACA0051B44A /* Build configuration list for PBXNativeTarget "BaseUITests" */ = {
			isa = XCConfigurationList;
			buildConfigurations = (
				DD7993A82C21FACA0051B44A /* Debug */,
				DD7993A92C21FACA0051B44A /* Release */,
			);
			defaultConfigurationIsVisible = 0;
			defaultConfigurationName = Release;
		};
/* End XCConfigurationList section */
	};
	rootObject = DD79936F2C21FAC80051B44A /* Project object */;
}
